
Microsoft Visual Studio Solution File, Format Version 12.00
# Visual Studio Version 16
VisualStudioVersion = 16.0.31321.278
MinimumVisualStudioVersion = 10.0.40219.1
Project("{FAE04EC0-301F-11D3-BF4B-00C04F79EFBC}") = "Encapsulation", "FullCshardWindowsForm\Encapsulation.csproj", "{A5C0BBF6-0F2D-4C52-B8A5-C2E8B8BFBBEA}"
EndProject
Project("{FAE04EC0-301F-11D3-BF4B-00C04F79EFBC}") = "Declaraciones Statiic", "Declaraciones Statiic\Declaraciones Statiic.csproj", "{4952A74D-424D-4279-B08F-A9A586BBA007}"
EndProject
Project("{FAE04EC0-301F-11D3-BF4B-00C04F79EFBC}") = "Herencia", "Herencia\Herencia.csproj", "{2EA5C02D-DB43-4D05-822C-EB40AF19A8E2}"
EndProject
Project("{FAE04EC0-301F-11D3-BF4B-00C04F79EFBC}") = "Interface", "Interface\Interface.csproj", "{B570DEBC-ECE0-404E-AF81-939397A689B5}"
EndProject
Project("{FAE04EC0-301F-11D3-BF4B-00C04F79EFBC}") = "ClasesGenericas", "ClasesGenericas\ClasesGenericas.csproj", "{C8D899F5-F501-4D42-9D69-0C1C77252111}"
EndProject
Global
	GlobalSection(SolutionConfigurationPlatforms) = preSolution
		Debug|Any CPU = Debug|Any CPU
		Release|Any CPU = Release|Any CPU
	EndGlobalSection
	GlobalSection(ProjectConfigurationPlatforms) = postSolution
		{A5C0BBF6-0F2D-4C52-B8A5-C2E8B8BFBBEA}.Debug|Any CPU.ActiveCfg = Debug|Any CPU
		{A5C0BBF6-0F2D-4C52-B8A5-C2E8B8BFBBEA}.Debug|Any CPU.Build.0 = Debug|Any CPU
		{A5C0BBF6-0F2D-4C52-B8A5-C2E8B8BFBBEA}.Release|Any CPU.ActiveCfg = Release|Any CPU
		{A5C0BBF6-0F2D-4C52-B8A5-C2E8B8BFBBEA}.Release|Any CPU.Build.0 = Release|Any CPU
		{4952A74D-424D-4279-B08F-A9A586BBA007}.Debug|Any CPU.ActiveCfg = Debug|Any CPU
		{4952A74D-424D-4279-B08F-A9A586BBA007}.Debug|Any CPU.Build.0 = Debug|Any CPU
		{4952A74D-424D-4279-B08F-A9A586BBA007}.Release|Any CPU.ActiveCfg = Release|Any CPU
		{4952A74D-424D-4279-B08F-A9A586BBA007}.Release|Any CPU.Build.0 = Release|Any CPU
		{2EA5C02D-DB43-4D05-822C-EB40AF19A8E2}.Debug|Any CPU.ActiveCfg = Debug|Any CPU
		{2EA5C02D-DB43-4D05-822C-EB40AF19A8E2}.Debug|Any CPU.Build.0 = Debug|Any CPU
		{2EA5C02D-DB43-4D05-822C-EB40AF19A8E2}.Release|Any CPU.ActiveCfg = Release|Any CPU
		{2EA5C02D-DB43-4D05-822C-EB40AF19A8E2}.Release|Any CPU.Build.0 = Release|Any CPU
		{B570DEBC-ECE0-404E-AF81-939397A689B5}.Debug|Any CPU.ActiveCfg = Debug|Any CPU
		{B570DEBC-ECE0-404E-AF81-939397A689B5}.Debug|Any CPU.Build.0 = Debug|Any CPU
		{B570DEBC-ECE0-404E-AF81-939397A689B5}.Release|Any CPU.ActiveCfg = Release|Any CPU
		{B570DEBC-ECE0-404E-AF81-939397A689B5}.Release|Any CPU.Build.0 = Release|Any CPU
		{C8D899F5-F501-4D42-9D69-0C1C77252111}.Debug|Any CPU.ActiveCfg = Debug|Any CPU
		{C8D899F5-F501-4D42-9D69-0C1C77252111}.Debug|Any CPU.Build.0 = Debug|Any CPU
		{C8D899F5-F501-4D42-9D69-0C1C77252111}.Release|Any CPU.ActiveCfg = Release|Any CPU
		{C8D899F5-F501-4D42-9D69-0C1C77252111}.Release|Any CPU.Build.0 = Release|Any CPU
	EndGlobalSection
	GlobalSection(SolutionProperties) = preSolution
		HideSolutionNode = FALSE
	EndGlobalSection
	GlobalSection(ExtensibilityGlobals) = postSolution
		SolutionGuid = {B6A57C15-97CD-48FC-BCA5-7D291D4472EA}
	EndGlobalSection
EndGlobal
