
Microsoft Visual Studio Solution File, Format Version 12.00
# Visual Studio Version 16
VisualStudioVersion = 16.0.31321.278
MinimumVisualStudioVersion = 10.0.40219.1
Project("{FAE04EC0-301F-11D3-BF4B-00C04F79EFBC}") = "CrudNetC5", "CrudNetC5\CrudNetC5.csproj", "{DFACEC32-CB78-401B-AE70-E50A995F0AE1}"
EndProject
Global
	GlobalSection(SolutionConfigurationPlatforms) = preSolution
		Debug|Any CPU = Debug|Any CPU
		Release|Any CPU = Release|Any CPU
	EndGlobalSection
	GlobalSection(ProjectConfigurationPlatforms) = postSolution
		{DFACEC32-CB78-401B-AE70-E50A995F0AE1}.Debug|Any CPU.ActiveCfg = Debug|Any CPU
		{DFACEC32-CB78-401B-AE70-E50A995F0AE1}.Debug|Any CPU.Build.0 = Debug|Any CPU
		{DFACEC32-CB78-401B-AE70-E50A995F0AE1}.Release|Any CPU.ActiveCfg = Release|Any CPU
		{DFACEC32-CB78-401B-AE70-E50A995F0AE1}.Release|Any CPU.Build.0 = Release|Any CPU
	EndGlobalSection
	GlobalSection(SolutionProperties) = preSolution
		HideSolutionNode = FALSE
	EndGlobalSection
	GlobalSection(ExtensibilityGlobals) = postSolution
		SolutionGuid = {55FE0C7D-5B78-4EDD-A3C9-A4D196A0E661}
	EndGlobalSection
EndGlobal
