
Microsoft Visual Studio Solution File, Format Version 12.00
# Visual Studio Version 16
VisualStudioVersion = 16.0.31321.278
MinimumVisualStudioVersion = 10.0.40219.1
Project("{FAE04EC0-301F-11D3-BF4B-00C04F79EFBC}") = "CrudAspWebApi", "CrudAspWebApi\CrudAspWebApi.csproj", "{1C1F45B3-0E66-43C7-902A-9E2655BE50C0}"
EndProject
Global
	GlobalSection(SolutionConfigurationPlatforms) = preSolution
		Debug|Any CPU = Debug|Any CPU
		Release|Any CPU = Release|Any CPU
	EndGlobalSection
	GlobalSection(ProjectConfigurationPlatforms) = postSolution
		{1C1F45B3-0E66-43C7-902A-9E2655BE50C0}.Debug|Any CPU.ActiveCfg = Debug|Any CPU
		{1C1F45B3-0E66-43C7-902A-9E2655BE50C0}.Debug|Any CPU.Build.0 = Debug|Any CPU
		{1C1F45B3-0E66-43C7-902A-9E2655BE50C0}.Release|Any CPU.ActiveCfg = Release|Any CPU
		{1C1F45B3-0E66-43C7-902A-9E2655BE50C0}.Release|Any CPU.Build.0 = Release|Any CPU
	EndGlobalSection
	GlobalSection(SolutionProperties) = preSolution
		HideSolutionNode = FALSE
	EndGlobalSection
	GlobalSection(ExtensibilityGlobals) = postSolution
		SolutionGuid = {BECC5507-0DFB-4C95-BD6C-B9E4F2DADDAE}
	EndGlobalSection
EndGlobal
