
Microsoft Visual Studio Solution File, Format Version 12.00
# Visual Studio Version 16
VisualStudioVersion = 16.0.31321.278
MinimumVisualStudioVersion = 10.0.40219.1
Project("{FAE04EC0-301F-11D3-BF4B-00C04F79EFBC}") = "asistencia", "asistencia\asistencia.csproj", "{05F66B57-322D-4CA1-9FEC-FBA8F8D4963B}"
EndProject
Global
	GlobalSection(SolutionConfigurationPlatforms) = preSolution
		Debug|Any CPU = Debug|Any CPU
		Release|Any CPU = Release|Any CPU
	EndGlobalSection
	GlobalSection(ProjectConfigurationPlatforms) = postSolution
		{05F66B57-322D-4CA1-9FEC-FBA8F8D4963B}.Debug|Any CPU.ActiveCfg = Debug|Any CPU
		{05F66B57-322D-4CA1-9FEC-FBA8F8D4963B}.Debug|Any CPU.Build.0 = Debug|Any CPU
		{05F66B57-322D-4CA1-9FEC-FBA8F8D4963B}.Release|Any CPU.ActiveCfg = Release|Any CPU
		{05F66B57-322D-4CA1-9FEC-FBA8F8D4963B}.Release|Any CPU.Build.0 = Release|Any CPU
	EndGlobalSection
	GlobalSection(SolutionProperties) = preSolution
		HideSolutionNode = FALSE
	EndGlobalSection
	GlobalSection(ExtensibilityGlobals) = postSolution
		SolutionGuid = {2B6EC251-A72C-4580-9CC5-C565B2B43792}
	EndGlobalSection
EndGlobal
